{
  "version": 4,
  "terraform_version": "1.5.6",
  "serial": 36,
  "lineage": "22192922-d7f8-49d8-6baf-0072322fbf6a",
  "outputs": {},
  "resources": [
    {
      "mode": "data",
      "type": "archive_file",
      "name": "zip_the_python_code",
      "provider": "provider[\"registry.terraform.io/hashicorp/archive\"]",
      "instances": [
        {
          "schema_version": 0,
          "attributes": {
            "exclude_symlink_directories": null,
            "excludes": null,
            "id": "2457afea7dc3f6c7309615a92bfa93ad9463e884",
            "output_base64sha256": "oModemg7sClZrvg4Myv+ZhCmIgVNN93uw6KE3qdkT2k=",
            "output_base64sha512": "cYoaHAOA2DIbNZhhWHX7G1vwi7ZEK6wJzRcOyfogQxphah8V6uUSQxU3MDD1/vxHqXDceSuvqgyDq3Yf2hVUaA==",
            "output_file_mode": null,
            "output_md5": "a9a43fc87e9e3a5f7b4a6fba89088902",
            "output_path": "./python/lambda.zip",
            "output_sha": "2457afea7dc3f6c7309615a92bfa93ad9463e884",
            "output_sha256": "a0ca1d7a683bb02959aef838332bfe6610a622054d37ddeec3a284dea7644f69",
            "output_sha512": "718a1a1c0380d8321b3598615875fb1b5bf08bb6442bac09cd170ec9fa20431a616a1f15eae5124315373030f5fefc47a970dc792bafaa0c83ab761fda155468",
            "output_size": 376,
            "source": [],
            "source_content": null,
            "source_content_filename": null,
            "source_dir": "./python/",
            "source_file": null,
            "type": "zip"
          },
          "sensitive_attributes": []
        }
      ]
    },
    {
      "mode": "managed",
      "type": "aws_api_gateway_base_path_mapping",
      "name": "domain",
      "provider": "provider[\"registry.terraform.io/hashicorp/aws\"]",
      "instances": []
    },
    {
      "mode": "managed",
      "type": "aws_api_gateway_integration",
      "name": "integration",
      "provider": "provider[\"registry.terraform.io/hashicorp/aws\"]",
      "instances": []
    },
    {
      "mode": "managed",
      "type": "aws_api_gateway_method",
      "name": "gatewayMethod",
      "provider": "provider[\"registry.terraform.io/hashicorp/aws\"]",
      "instances": [
        {
          "schema_version": 0,
          "attributes": {
            "api_key_required": false,
            "authorization": "NONE",
            "authorization_scopes": null,
            "authorizer_id": null,
            "http_method": "POST",
            "id": "agm-24dljr75wo-q2vb1u0r3k-POST",
            "request_models": null,
            "request_parameters": null,
            "request_parameters_in_json": null,
            "request_validator_id": null,
            "resource_id": "q2vb1u0r3k",
            "rest_api_id": "24dljr75wo"
          },
          "sensitive_attributes": [],
          "private": "bnVsbA==",
          "dependencies": [
            "aws_api_gateway_resource.gatewayResource",
            "aws_api_gateway_rest_api.gateway"
          ]
        }
      ]
    },
    {
      "mode": "managed",
      "type": "aws_api_gateway_resource",
      "name": "gatewayResource",
      "provider": "provider[\"registry.terraform.io/hashicorp/aws\"]",
      "instances": [
        {
          "schema_version": 0,
          "attributes": {
            "id": "q2vb1u0r3k",
            "parent_id": "87w3ivrmb2",
            "path": "/{proxy+}",
            "path_part": "{proxy+}",
            "rest_api_id": "24dljr75wo"
          },
          "sensitive_attributes": [],
          "private": "bnVsbA==",
          "dependencies": [
            "aws_api_gateway_rest_api.gateway"
          ]
        }
      ]
    },
    {
      "mode": "managed",
      "type": "aws_api_gateway_rest_api",
      "name": "gateway",
      "provider": "provider[\"registry.terraform.io/hashicorp/aws\"]",
      "instances": [
        {
          "schema_version": 0,
          "attributes": {
            "api_key_source": "HEADER",
            "arn": "arn:aws:apigateway:us-east-1::/restapis/24dljr75wo",
            "binary_media_types": null,
            "body": null,
            "created_date": "2023-10-12T03:28:43Z",
            "description": "This is my API for demonstration purposes",
            "endpoint_configuration": [
              {
                "types": [
                  "EDGE"
                ]
              }
            ],
            "execution_arn": "arn:aws:execute-api:us-east-1::24dljr75wo",
            "id": "24dljr75wo",
            "minimum_compression_size": -1,
            "name": "gateway",
            "policy": "",
            "root_resource_id": "87w3ivrmb2",
            "tags": null
          },
          "sensitive_attributes": [],
          "private": "bnVsbA=="
        }
      ]
    },
    {
      "mode": "managed",
      "type": "aws_iam_policy",
      "name": "iam_policy_for_lambda",
      "provider": "provider[\"registry.terraform.io/hashicorp/aws\"]",
      "instances": [
        {
          "schema_version": 0,
          "attributes": {
            "arn": "arn:aws:iam::000000000000:policy/aws_iam_policy_for_terraform_aws_lambda_role",
            "description": "AWS IAM Policy for managing aws lambda role",
            "id": "arn:aws:iam::000000000000:policy/aws_iam_policy_for_terraform_aws_lambda_role",
            "name": "aws_iam_policy_for_terraform_aws_lambda_role",
            "name_prefix": null,
            "path": "/",
            "policy": "{\n \"Version\": \"2012-10-17\",\n \"Statement\": [\n   {\n     \"Action\": [\n       \"logs:CreateLogGroup\",\n       \"logs:CreateLogStream\",\n       \"logs:PutLogEvents\"\n     ],\n     \"Resource\": \"arn:aws:logs:*:*:*\",\n     \"Effect\": \"Allow\"\n   }\n ]\n}\n"
          },
          "sensitive_attributes": [],
          "private": "bnVsbA=="
        }
      ]
    },
    {
      "mode": "managed",
      "type": "aws_iam_role",
      "name": "lambda_role",
      "provider": "provider[\"registry.terraform.io/hashicorp/aws\"]",
      "instances": [
        {
          "schema_version": 0,
          "attributes": {
            "arn": "arn:aws:iam::000000000000:role/lambda_it_out",
            "assume_role_policy": "{\n \"Version\": \"2012-10-17\",\n \"Statement\": [\n   {\n     \"Action\": \"sts:AssumeRole\",\n     \"Principal\": {\n       \"Service\": \"lambda.amazonaws.com\"\n     },\n     \"Effect\": \"Allow\",\n     \"Sid\": \"\"\n   }\n ]\n}\n",
            "create_date": "2023-10-12T03:28:43Z",
            "description": "",
            "force_detach_policies": false,
            "id": "lambda_it_out",
            "max_session_duration": 3600,
            "name": "lambda_it_out",
            "name_prefix": null,
            "path": "/",
            "permissions_boundary": null,
            "tags": null,
            "unique_id": "AROAQAAAAAAAJEPYQ4GZT"
          },
          "sensitive_attributes": [],
          "private": "bnVsbA=="
        }
      ]
    },
    {
      "mode": "managed",
      "type": "aws_iam_role_policy_attachment",
      "name": "attach_iam_policy_to_iam_role",
      "provider": "provider[\"registry.terraform.io/hashicorp/aws\"]",
      "instances": [
        {
          "schema_version": 0,
          "attributes": {
            "id": "lambda_it_out-20231012032844347300000001",
            "policy_arn": "arn:aws:iam::000000000000:policy/aws_iam_policy_for_terraform_aws_lambda_role",
            "role": "lambda_it_out"
          },
          "sensitive_attributes": [],
          "private": "bnVsbA==",
          "dependencies": [
            "aws_iam_policy.iam_policy_for_lambda",
            "aws_iam_role.lambda_role"
          ]
        }
      ]
    }
  ],
  "check_results": null
}
